
Microsoft Visual Studio Solution File, Format Version 12.00
# Visual Studio Version 16
VisualStudioVersion = 16.0.30413.136
MinimumVisualStudioVersion = 10.0.40219.1
Project("{9A19103F-16F7-4668-BE54-9A1E7A4F7556}") = "DatingApp.API", "DatingApp.API.csproj", "{D24CF828-22D4-4B58-9DE5-EFC5696B5761}"
EndProject
Global
	GlobalSection(SolutionConfigurationPlatforms) = preSolution
		Debug|Any CPU = Debug|Any CPU
		Release|Any CPU = Release|Any CPU
	EndGlobalSection
	GlobalSection(ProjectConfigurationPlatforms) = postSolution
		{D24CF828-22D4-4B58-9DE5-EFC5696B5761}.Debug|Any CPU.ActiveCfg = Debug|Any CPU
		{D24CF828-22D4-4B58-9DE5-EFC5696B5761}.Debug|Any CPU.Build.0 = Debug|Any CPU
		{D24CF828-22D4-4B58-9DE5-EFC5696B5761}.Release|Any CPU.ActiveCfg = Release|Any CPU
		{D24CF828-22D4-4B58-9DE5-EFC5696B5761}.Release|Any CPU.Build.0 = Release|Any CPU
	EndGlobalSection
	GlobalSection(SolutionProperties) = preSolution
		HideSolutionNode = FALSE
	EndGlobalSection
	GlobalSection(ExtensibilityGlobals) = postSolution
		SolutionGuid = {1E3C6218-8069-4564-9BC9-9BB85B5A7916}
	EndGlobalSection
EndGlobal
